Microsoft Visual Studio Solution File, Format Version 12.00
# Visual Studio Version 17
VisualStudioVersion = 17.5.2.0
MinimumVisualStudioVersion = 10.0.40219.1
Project("{FAE04EC0-301F-11D3-BF4B-00C04F79EFBC}") = "Part2_Guided_Project_", "Part2_Guided_Project_.csproj", "{33ECD42E-DD09-8F6C-F115-C6E9FF51B2B1}"
EndProject
Global
	GlobalSection(SolutionConfigurationPlatforms) = preSolution
		Debug|Any CPU = Debug|Any CPU
		Release|Any CPU = Release|Any CPU
	EndGlobalSection
	GlobalSection(ProjectConfigurationPlatforms) = postSolution
		{33ECD42E-DD09-8F6C-F115-C6E9FF51B2B1}.Debug|Any CPU.ActiveCfg = Debug|Any CPU
		{33ECD42E-DD09-8F6C-F115-C6E9FF51B2B1}.Debug|Any CPU.Build.0 = Debug|Any CPU
		{33ECD42E-DD09-8F6C-F115-C6E9FF51B2B1}.Release|Any CPU.ActiveCfg = Release|Any CPU
		{33ECD42E-DD09-8F6C-F115-C6E9FF51B2B1}.Release|Any CPU.Build.0 = Release|Any CPU
	EndGlobalSection
	GlobalSection(SolutionProperties) = preSolution
		HideSolutionNode = FALSE
	EndGlobalSection
	GlobalSection(ExtensibilityGlobals) = postSolution
		SolutionGuid = {99EF8B32-92C3-4413-B4BA-C49918D17229}
	EndGlobalSection
EndGlobal
